
Microsoft Visual Studio Solution File, Format Version 12.00
Project("{FAE04EC0-301F-11D3-BF4B-00C04F79EFBC}") = "SeleniumDemoT01", "SeleniumDemoT01.csproj", "{022BE21D-DC3B-443E-B3BF-0AB9ED7BDEC2}"
EndProject
Global
	GlobalSection(SolutionConfigurationPlatforms) = preSolution
		Debug|Any CPU = Debug|Any CPU
		Release|Any CPU = Release|Any CPU
	EndGlobalSection
	GlobalSection(ProjectConfigurationPlatforms) = postSolution
		{022BE21D-DC3B-443E-B3BF-0AB9ED7BDEC2}.Debug|Any CPU.ActiveCfg = Debug|Any CPU
		{022BE21D-DC3B-443E-B3BF-0AB9ED7BDEC2}.Debug|Any CPU.Build.0 = Debug|Any CPU
		{022BE21D-DC3B-443E-B3BF-0AB9ED7BDEC2}.Release|Any CPU.ActiveCfg = Release|Any CPU
		{022BE21D-DC3B-443E-B3BF-0AB9ED7BDEC2}.Release|Any CPU.Build.0 = Release|Any CPU
	EndGlobalSection
EndGlobal
